
Microsoft Visual Studio Solution File, Format Version 12.00
# Visual Studio Version 17
VisualStudioVersion = 17.3.32901.215
MinimumVisualStudioVersion = 10.0.40219.1
Project("{FAE04EC0-301F-11D3-BF4B-00C04F79EFBC}") = "Compacta", "Compacta\Compacta.csproj", "{E120FF7E-14E4-408E-ACAC-82CA31FB1556}"
EndProject
Global
	GlobalSection(SolutionConfigurationPlatforms) = preSolution
		Debug|Any CPU = Debug|Any CPU
		Release|Any CPU = Release|Any CPU
	EndGlobalSection
	GlobalSection(ProjectConfigurationPlatforms) = postSolution
		{E120FF7E-14E4-408E-ACAC-82CA31FB1556}.Debug|Any CPU.ActiveCfg = Debug|Any CPU
		{E120FF7E-14E4-408E-ACAC-82CA31FB1556}.Debug|Any CPU.Build.0 = Debug|Any CPU
		{E120FF7E-14E4-408E-ACAC-82CA31FB1556}.Release|Any CPU.ActiveCfg = Release|Any CPU
		{E120FF7E-14E4-408E-ACAC-82CA31FB1556}.Release|Any CPU.Build.0 = Release|Any CPU
	EndGlobalSection
	GlobalSection(SolutionProperties) = preSolution
		HideSolutionNode = FALSE
	EndGlobalSection
	GlobalSection(ExtensibilityGlobals) = postSolution
		SolutionGuid = {95A80044-CAFC-4EBF-82B5-933E39E8655D}
	EndGlobalSection
EndGlobal
